{
  "name": "@nivuus/database",
  "version": "1.0.0",
  "lockfileVersion": 1,
  "requires": true,
  "dependencies": {
    "lodash": {
      "version": "4.17.19",
      "resolved": "https://registry.npmjs.org/lodash/-/lodash-4.17.19.tgz",
      "integrity": "sha512-JNvd8XER9GQX0v2qJgsaN/mzFCNA5BRe/j8JN9d+tWyGLSodKQHKFicdwNYzWwI3wjRnaKPsGj1XkBjx/F96DQ=="
    },
    "q-native": {
      "version": "1.0.1",
      "resolved": "https://registry.npmjs.org/q-native/-/q-native-1.0.1.tgz",
      "integrity": "sha512-Qh/UeRKL8cZ2K26IbOgh3Ue5+ofe8oGJmCQ2kdET7ZKcL2EuPDu4oEJasveKmX3QNsSWAe72bORvHn4l54frZA=="
    }
  }
}
